
Microsoft Visual Studio Solution File, Format Version 12.00
# Visual Studio Version 16
VisualStudioVersion = 16.0.30717.126
MinimumVisualStudioVersion = 10.0.40219.1
Project("{9A19103F-16F7-4668-BE54-9A1E7A4F7556}") = "Byndyusoft.Logging", "src\Byndyusoft.Logging\Byndyusoft.Logging.csproj", "{321F072C-4E3C-42FB-9872-265B6ECDE195}"
EndProject
Project("{9A19103F-16F7-4668-BE54-9A1E7A4F7556}") = "Byndyusoft.Logging.Sample", "src\Byndyusoft.Logging.Sample\Byndyusoft.Logging.Sample.csproj", "{61911D14-C12B-49B2-9054-C74A9C72B34F}"
EndProject
Project("{FAE04EC0-301F-11D3-BF4B-00C04F79EFBC}") = "Byndyusoft.Extensions.Logging.OpenTracing", "src\Byndyusoft.Extensions.Logging.OpenTracing\Byndyusoft.Extensions.Logging.OpenTracing.csproj", "{B4C3A10D-21F1-4470-9148-3A60E78956AF}"
EndProject
Global
	GlobalSection(SolutionConfigurationPlatforms) = preSolution
		Debug|Any CPU = Debug|Any CPU
		Release|Any CPU = Release|Any CPU
	EndGlobalSection
	GlobalSection(ProjectConfigurationPlatforms) = postSolution
		{321F072C-4E3C-42FB-9872-265B6ECDE195}.Debug|Any CPU.ActiveCfg = Debug|Any CPU
		{321F072C-4E3C-42FB-9872-265B6ECDE195}.Debug|Any CPU.Build.0 = Debug|Any CPU
		{321F072C-4E3C-42FB-9872-265B6ECDE195}.Release|Any CPU.ActiveCfg = Release|Any CPU
		{321F072C-4E3C-42FB-9872-265B6ECDE195}.Release|Any CPU.Build.0 = Release|Any CPU
		{61911D14-C12B-49B2-9054-C74A9C72B34F}.Debug|Any CPU.ActiveCfg = Debug|Any CPU
		{61911D14-C12B-49B2-9054-C74A9C72B34F}.Debug|Any CPU.Build.0 = Debug|Any CPU
		{61911D14-C12B-49B2-9054-C74A9C72B34F}.Release|Any CPU.ActiveCfg = Release|Any CPU
		{61911D14-C12B-49B2-9054-C74A9C72B34F}.Release|Any CPU.Build.0 = Release|Any CPU
		{B4C3A10D-21F1-4470-9148-3A60E78956AF}.Debug|Any CPU.ActiveCfg = Debug|Any CPU
		{B4C3A10D-21F1-4470-9148-3A60E78956AF}.Debug|Any CPU.Build.0 = Debug|Any CPU
		{B4C3A10D-21F1-4470-9148-3A60E78956AF}.Release|Any CPU.ActiveCfg = Release|Any CPU
		{B4C3A10D-21F1-4470-9148-3A60E78956AF}.Release|Any CPU.Build.0 = Release|Any CPU
	EndGlobalSection
	GlobalSection(SolutionProperties) = preSolution
		HideSolutionNode = FALSE
	EndGlobalSection
	GlobalSection(ExtensibilityGlobals) = postSolution
		SolutionGuid = {EDF7D1B4-4783-4F57-A4C9-EA884CD71754}
	EndGlobalSection
EndGlobal
